
Microsoft Visual Studio Solution File, Format Version 12.00
# Visual Studio 15
Project("{FAE04EC0-301F-11D3-BF4B-00C04F79EFBC}") = "Assembly-CSharp", "Assembly-CSharp.csproj", "{CF60D6F2-FBBF-8A8D-F278-075E5A0B3569}"
EndProject
Global
	GlobalSection(SolutionConfigurationPlatforms) = preSolution
		Debug|Any CPU = Debug|Any CPU
		Release|Any CPU = Release|Any CPU
	EndGlobalSection
	GlobalSection(ProjectConfigurationPlatforms) = postSolution
		{CF60D6F2-FBBF-8A8D-F278-075E5A0B3569}.Debug|Any CPU.ActiveCfg = Debug|Any CPU
		{CF60D6F2-FBBF-8A8D-F278-075E5A0B3569}.Debug|Any CPU.Build.0 = Debug|Any CPU
		{CF60D6F2-FBBF-8A8D-F278-075E5A0B3569}.Release|Any CPU.ActiveCfg = Release|Any CPU
		{CF60D6F2-FBBF-8A8D-F278-075E5A0B3569}.Release|Any CPU.Build.0 = Release|Any CPU
	EndGlobalSection
	GlobalSection(SolutionProperties) = preSolution
		HideSolutionNode = FALSE
	EndGlobalSection
EndGlobal
